{
  "name": "Student-Learning-Management-System",
  "lockfileVersion": 3,
  "requires": true,
  "packages": {
    "": {
      "dependencies": {
        "@types/punycode": "^2.1.1"
      }
    },
    "node_modules/@types/punycode": {
      "version": "2.1.1",
      "resolved": "https://registry.npmjs.org/@types/punycode/-/punycode-2.1.1.tgz",
      "integrity": "sha512-41wbJ1+JU2hECp2FDMAAzUZyiFyfeqAW/aTVsqY2RsDi5M2sliZgBp+7rv1Rc8oMJv0tt+74b6Sb1EcWldTCpA=="
    }
  }
}
